// !$*UTF8*$!
{
	archiveVersion = 1;
	classes = {
	};
	objectVersion = 51;
	objects = {

/* Begin PBXBuildFile section */
		530A7C6D25FA8C8500977084 /* AuthService.swift in Sources */ = {isa = PBXBuildFile; fileRef = 530A7C6C25FA8C8500977084 /* AuthService.swift */; };
		530C119C25D1C3F800E762C8 /* GoogleService-Info.plist in Resources */ = {isa = PBXBuildFile; fileRef = 530C119B25D1C3F800E762C8 /* GoogleService-Info.plist */; };
		530C119D25D1C3F800E762C8 /* GoogleService-Info.plist in Resources */ = {isa = PBXBuildFile; fileRef = 530C119B25D1C3F800E762C8 /* GoogleService-Info.plist */; };
		530C119E25D1C3F800E762C8 /* GoogleService-Info.plist in Resources */ = {isa = PBXBuildFile; fileRef = 530C119B25D1C3F800E762C8 /* GoogleService-Info.plist */; };
		531CEEF825DB29A1008CE498 /* createProfileViewController.swift in Sources */ = {isa = PBXBuildFile; fileRef = 531CEEF725DB29A1008CE498 /* createProfileViewController.swift */; };
		531CEEFA25DB2EFE008CE498 /* loginViewController.swift in Sources */ = {isa = PBXBuildFile; fileRef = 531CEEF925DB2EFE008CE498 /* loginViewController.swift */; };
		53717D7025D083350048FDE3 /* AppDelegate.swift in Sources */ = {isa = PBXBuildFile; fileRef = 53717D6F25D083350048FDE3 /* AppDelegate.swift */; };
		53717D7225D083350048FDE3 /* SceneDelegate.swift in Sources */ = {isa = PBXBuildFile; fileRef = 53717D7125D083350048FDE3 /* SceneDelegate.swift */; };
		53717D7425D083350048FDE3 /* ViewController.swift in Sources */ = {isa = PBXBuildFile; fileRef = 53717D7325D083350048FDE3 /* ViewController.swift */; };
		53717D7725D083350048FDE3 /* Main.storyboard in Resources */ = {isa = PBXBuildFile; fileRef = 53717D7525D083350048FDE3 /* Main.storyboard */; };
		53717D7C25D083370048FDE3 /* Assets.xcassets in Resources */ = {isa = PBXBuildFile; fileRef = 53717D7B25D083370048FDE3 /* Assets.xcassets */; };
		53717D7F25D083370048FDE3 /* LaunchScreen.storyboard in Resources */ = {isa = PBXBuildFile; fileRef = 53717D7D25D083370048FDE3 /* LaunchScreen.storyboard */; };
		53717D8A25D083380048FDE3 /* Parking_FinderTests.swift in Sources */ = {isa = PBXBuildFile; fileRef = 53717D8925D083380048FDE3 /* Parking_FinderTests.swift */; };
		53717D9525D083380048FDE3 /* Parking_FinderUITests.swift in Sources */ = {isa = PBXBuildFile; fileRef = 53717D9425D083380048FDE3 /* Parking_FinderUITests.swift */; };
		675B3ED9E6D139EE8E338529 /* Pods_Parking_Finder.framework in Frameworks */ = {isa = PBXBuildFile; fileRef = 0F00D44B1E3FDB149050BD85 /* Pods_Parking_Finder.framework */; };
/* End PBXBuildFile section */

/* Begin PBXContainerItemProxy section */
		53717D8625D083380048FDE3 /* PBXContainerItemProxy */ = {
			isa = PBXContainerItemProxy;
			containerPortal = 53717D6425D083350048FDE3 /* Project object */;
			proxyType = 1;
			remoteGlobalIDString = 53717D6B25D083350048FDE3;
			remoteInfo = "Parking Finder";
		};
		53717D9125D083380048FDE3 /* PBXContainerItemProxy */ = {
			isa = PBXContainerItemProxy;
			containerPortal = 53717D6425D083350048FDE3 /* Project object */;
			proxyType = 1;
			remoteGlobalIDString = 53717D6B25D083350048FDE3;
			remoteInfo = "Parking Finder";
		};
/* End PBXContainerItemProxy section */

/* Begin PBXFileReference section */
		0F00D44B1E3FDB149050BD85 /* Pods_Parking_Finder.framework */ = {isa = PBXFileReference; explicitFileType = wrapper.framework; includeInIndex = 0; path = Pods_Parking_Finder.framework; sourceTree = BUILT_PRODUCTS_DIR; };
		530A7C6C25FA8C8500977084 /* AuthService.swift */ = {isa = PBXFileReference; lastKnownFileType = sourcecode.swift; path = AuthService.swift; sourceTree = "<group>"; };
		530C119B25D1C3F800E762C8 /* GoogleService-Info.plist */ = {isa = PBXFileReference; fileEncoding = 4; lastKnownFileType = text.plist.xml; path = "GoogleService-Info.plist"; sourceTree = "<group>"; };
		531CEEF725DB29A1008CE498 /* createProfileViewController.swift */ = {isa = PBXFileReference; lastKnownFileType = sourcecode.swift; path = createProfileViewController.swift; sourceTree = "<group>"; };
		531CEEF925DB2EFE008CE498 /* loginViewController.swift */ = {isa = PBXFileReference; lastKnownFileType = sourcecode.swift; path = loginViewController.swift; sourceTree = "<group>"; };
		53717D6C25D083350048FDE3 /* Parking Finder.app */ = {isa = PBXFileReference; explicitFileType = wrapper.application; includeInIndex = 0; path = "Parking Finder.app"; sourceTree = BUILT_PRODUCTS_DIR; };
		53717D6F25D083350048FDE3 /* AppDelegate.swift */ = {isa = PBXFileReference; lastKnownFileType = sourcecode.swift; path = AppDelegate.swift; sourceTree = "<group>"; };
		53717D7125D083350048FDE3 /* SceneDelegate.swift */ = {isa = PBXFileReference; lastKnownFileType = sourcecode.swift; path = SceneDelegate.swift; sourceTree = "<group>"; };
		53717D7325D083350048FDE3 /* ViewController.swift */ = {isa = PBXFileReference; lastKnownFileType = sourcecode.swift; path = ViewController.swift; sourceTree = "<group>"; };
		53717D7625D083350048FDE3 /* Base */ = {isa = PBXFileReference; lastKnownFileType = file.storyboard; name = Base; path = Base.lproj/Main.storyboard; sourceTree = "<group>"; };
		53717D7B25D083370048FDE3 /* Assets.xcassets */ = {isa = PBXFileReference; lastKnownFileType = folder.assetcatalog; path = Assets.xcassets; sourceTree = "<group>"; };
		53717D7E25D083370048FDE3 /* Base */ = {isa = PBXFileReference; lastKnownFileType = file.storyboard; name = Base; path = Base.lproj/LaunchScreen.storyboard; sourceTree = "<group>"; };
		53717D8025D083370048FDE3 /* Info.plist */ = {isa = PBXFileReference; lastKnownFileType = text.plist.xml; path = Info.plist; sourceTree = "<group>"; };
		53717D8525D083380048FDE3 /* Parking FinderTests.xctest */ = {isa = PBXFileReference; explicitFileType = wrapper.cfbundle; includeInIndex = 0; path = "Parking FinderTests.xctest"; sourceTree = BUILT_PRODUCTS_DIR; };
		53717D8925D083380048FDE3 /* Parking_FinderTests.swift */ = {isa = PBXFileReference; lastKnownFileType = sourcecode.swift; path = Parking_FinderTests.swift; sourceTree = "<group>"; };
		53717D8B25D083380048FDE3 /* Info.plist */ = {isa = PBXFileReference; lastKnownFileType = text.plist.xml; path = Info.plist; sourceTree = "<group>"; };
		53717D9025D083380048FDE3 /* Parking FinderUITests.xctest */ = {isa = PBXFileReference; explicitFileType = wrapper.cfbundle; includeInIndex = 0; path = "Parking FinderUITests.xctest"; sourceTree = BUILT_PRODUCTS_DIR; };
		53717D9425D083380048FDE3 /* Parking_FinderUITests.swift */ = {isa = PBXFileReference; lastKnownFileType = sourcecode.swift; path = Parking_FinderUITests.swift; sourceTree = "<group>"; };
		53717D9625D083380048FDE3 /* Info.plist */ = {isa = PBXFileReference; lastKnownFileType = text.plist.xml; path = Info.plist; sourceTree = "<group>"; };
		5D46454C86777563C1933A3A /* Pods-Parking Finder.release.xcconfig */ = {isa = PBXFileReference; includeInIndex = 1; lastKnownFileType = text.xcconfig; name = "Pods-Parking Finder.release.xcconfig"; path = "Target Support Files/Pods-Parking Finder/Pods-Parking Finder.release.xcconfig"; sourceTree = "<group>"; };
		603B408D958A944F69022EEB /* Pods-Parking Finder.debug.xcconfig */ = {isa = PBXFileReference; includeInIndex = 1; lastKnownFileType = text.xcconfig; name = "Pods-Parking Finder.debug.xcconfig"; path = "Target Support Files/Pods-Parking Finder/Pods-Parking Finder.debug.xcconfig"; sourceTree = "<group>"; };
/* End PBXFileReference section */

/* Begin PBXFrameworksBuildPhase section */
		53717D6925D083350048FDE3 /* Frameworks */ = {
			isa = PBXFrameworksBuildPhase;
			buildActionMask = 2147483647;
			files = (
				675B3ED9E6D139EE8E338529 /* Pods_Parking_Finder.framework in Frameworks */,
			);
			runOnlyForDeploymentPostprocessing = 0;
		};
		53717D8225D083380048FDE3 /* Frameworks */ = {
			isa = PBXFrameworksBuildPhase;
			buildActionMask = 2147483647;
			files = (
			);
			runOnlyForDeploymentPostprocessing = 0;
		};
		53717D8D25D083380048FDE3 /* Frameworks */ = {
			isa = PBXFrameworksBuildPhase;
			buildActionMask = 2147483647;
			files = (
			);
			runOnlyForDeploymentPostprocessing = 0;
		};
/* End PBXFrameworksBuildPhase section */

/* Begin PBXGroup section */
		047C4E7244829DFBB3FBB54F /* Pods */ = {
			isa = PBXGroup;
			children = (
				603B408D958A944F69022EEB /* Pods-Parking Finder.debug.xcconfig */,
				5D46454C86777563C1933A3A /* Pods-Parking Finder.release.xcconfig */,
			);
			path = Pods;
			sourceTree = "<group>";
		};
		2E738A4B419FBF4971F0F964 /* Frameworks */ = {
			isa = PBXGroup;
			children = (
				0F00D44B1E3FDB149050BD85 /* Pods_Parking_Finder.framework */,
			);
			name = Frameworks;
			sourceTree = "<group>";
		};
		53717D6325D083350048FDE3 = {
			isa = PBXGroup;
			children = (
				53717D6E25D083350048FDE3 /* Parking Finder */,
				53717D8825D083380048FDE3 /* Parking FinderTests */,
				53717D9325D083380048FDE3 /* Parking FinderUITests */,
				53717D6D25D083350048FDE3 /* Products */,
				047C4E7244829DFBB3FBB54F /* Pods */,
				2E738A4B419FBF4971F0F964 /* Frameworks */,
			);
			sourceTree = "<group>";
		};
		53717D6D25D083350048FDE3 /* Products */ = {
			isa = PBXGroup;
			children = (
				53717D6C25D083350048FDE3 /* Parking Finder.app */,
				53717D8525D083380048FDE3 /* Parking FinderTests.xctest */,
				53717D9025D083380048FDE3 /* Parking FinderUITests.xctest */,
			);
			name = Products;
			sourceTree = "<group>";
		};
		53717D6E25D083350048FDE3 /* Parking Finder */ = {
			isa = PBXGroup;
			children = (
				53717D6F25D083350048FDE3 /* AppDelegate.swift */,
				530A7C6C25FA8C8500977084 /* AuthService.swift */,
				53717D7125D083350048FDE3 /* SceneDelegate.swift */,
				53717D7325D083350048FDE3 /* ViewController.swift */,
				531CEEF725DB29A1008CE498 /* createProfileViewController.swift */,
				531CEEF925DB2EFE008CE498 /* loginViewController.swift */,
				53717D7525D083350048FDE3 /* Main.storyboard */,
				53717D7B25D083370048FDE3 /* Assets.xcassets */,
				53717D7D25D083370048FDE3 /* LaunchScreen.storyboard */,
				530C119B25D1C3F800E762C8 /* GoogleService-Info.plist */,
				53717D8025D083370048FDE3 /* Info.plist */,
			);
			path = "Parking Finder";
			sourceTree = "<group>";
		};
		53717D8825D083380048FDE3 /* Parking FinderTests */ = {
			isa = PBXGroup;
			children = (
				53717D8925D083380048FDE3 /* Parking_FinderTests.swift */,
				53717D8B25D083380048FDE3 /* Info.plist */,
			);
			path = "Parking FinderTests";
			sourceTree = "<group>";
		};
		53717D9325D083380048FDE3 /* Parking FinderUITests */ = {
			isa = PBXGroup;
			children = (
				53717D9425D083380048FDE3 /* Parking_FinderUITests.swift */,
				53717D9625D083380048FDE3 /* Info.plist */,
			);
			path = "Parking FinderUITests";
			sourceTree = "<group>";
		};
/* End PBXGroup section */

/* Begin PBXNativeTarget section */
		53717D6B25D083350048FDE3 /* Parking Finder */ = {
			isa = PBXNativeTarget;
			buildConfigurationList = 53717D9925D083380048FDE3 /* Build configuration list for PBXNativeTarget "Parking Finder" */;
			buildPhases = (
				CD911A25CC5343897E00B673 /* [CP] Check Pods Manifest.lock */,
				53717D6825D083350048FDE3 /* Sources */,
				53717D6925D083350048FDE3 /* Frameworks */,
				53717D6A25D083350048FDE3 /* Resources */,
				8035A0164412A4D18F11334F /* [CP] Embed Pods Frameworks */,
			);
			buildRules = (
			);
			dependencies = (
			);
			name = "Parking Finder";
			productName = "Parking Finder";
			productReference = 53717D6C25D083350048FDE3 /* Parking Finder.app */;
			productType = "com.apple.product-type.application";
		};
		53717D8425D083380048FDE3 /* Parking FinderTests */ = {
			isa = PBXNativeTarget;
			buildConfigurationList = 53717D9C25D083380048FDE3 /* Build configuration list for PBXNativeTarget "Parking FinderTests" */;
			buildPhases = (
				53717D8125D083380048FDE3 /* Sources */,
				53717D8225D083380048FDE3 /* Frameworks */,
				53717D8325D083380048FDE3 /* Resources */,
			);
			buildRules = (
			);
			dependencies = (
				53717D8725D083380048FDE3 /* PBXTargetDependency */,
			);
			name = "Parking FinderTests";
			productName = "Parking FinderTests";
			productReference = 53717D8525D083380048FDE3 /* Parking FinderTests.xctest */;
			productType = "com.apple.product-type.bundle.unit-test";
		};
		53717D8F25D083380048FDE3 /* Parking FinderUITests */ = {
			isa = PBXNativeTarget;
			buildConfigurationList = 53717D9F25D083380048FDE3 /* Build configuration list for PBXNativeTarget "Parking FinderUITests" */;
			buildPhases = (
				53717D8C25D083380048FDE3 /* Sources */,
				53717D8D25D083380048FDE3 /* Frameworks */,
				53717D8E25D083380048FDE3 /* Resources */,
			);
			buildRules = (
			);
			dependencies = (
				53717D9225D083380048FDE3 /* PBXTargetDependency */,
			);
			name = "Parking FinderUITests";
			productName = "Parking FinderUITests";
			productReference = 53717D9025D083380048FDE3 /* Parking FinderUITests.xctest */;
			productType = "com.apple.product-type.bundle.ui-testing";
		};
/* End PBXNativeTarget section */

/* Begin PBXProject section */
		53717D6425D083350048FDE3 /* Project object */ = {
			isa = PBXProject;
			attributes = {
				LastSwiftUpdateCheck = 1240;
				LastUpgradeCheck = 1240;
				TargetAttributes = {
					53717D6B25D083350048FDE3 = {
						CreatedOnToolsVersion = 12.4;
					};
					53717D8425D083380048FDE3 = {
						CreatedOnToolsVersion = 12.4;
						TestTargetID = 53717D6B25D083350048FDE3;
					};
					53717D8F25D083380048FDE3 = {
						CreatedOnToolsVersion = 12.4;
						TestTargetID = 53717D6B25D083350048FDE3;
					};
				};
			};
			buildConfigurationList = 53717D6725D083350048FDE3 /* Build configuration list for PBXProject "Parking Finder" */;
			compatibilityVersion = "Xcode 9.3";
			developmentRegion = en;
			hasScannedForEncodings = 0;
			knownRegions = (
				en,
				Base,
			);
			mainGroup = 53717D6325D083350048FDE3;
			productRefGroup = 53717D6D25D083350048FDE3 /* Products */;
			projectDirPath = "";
			projectRoot = "";
			targets = (
				53717D6B25D083350048FDE3 /* Parking Finder */,
				53717D8425D083380048FDE3 /* Parking FinderTests */,
				53717D8F25D083380048FDE3 /* Parking FinderUITests */,
			);
		};
/* End PBXProject section */

/* Begin PBXResourcesBuildPhase section */
		53717D6A25D083350048FDE3 /* Resources */ = {
			isa = PBXResourcesBuildPhase;
			buildActionMask = 2147483647;
			files = (
				53717D7F25D083370048FDE3 /* LaunchScreen.storyboard in Resources */,
				530C119C25D1C3F800E762C8 /* GoogleService-Info.plist in Resources */,
				53717D7C25D083370048FDE3 /* Assets.xcassets in Resources */,
				53717D7725D083350048FDE3 /* Main.storyboard in Resources */,
			);
			runOnlyForDeploymentPostprocessing = 0;
		};
		53717D8325D083380048FDE3 /* Resources */ = {
			isa = PBXResourcesBuildPhase;
			buildActionMask = 2147483647;
			files = (
				530C119D25D1C3F800E762C8 /* GoogleService-Info.plist in Resources */,
			);
			runOnlyForDeploymentPostprocessing = 0;
		};
		53717D8E25D083380048FDE3 /* Resources */ = {
			isa = PBXResourcesBuildPhase;
			buildActionMask = 2147483647;
			files = (
				530C119E25D1C3F800E762C8 /* GoogleService-Info.plist in Resources */,
			);
			runOnlyForDeploymentPostprocessing = 0;
		};
/* End PBXResourcesBuildPhase section */

/* Begin PBXShellScriptBuildPhase section */
		8035A0164412A4D18F11334F /* [CP] Embed Pods Frameworks */ = {
			isa = PBXShellScriptBuildPhase;
			buildActionMask = 2147483647;
			files = (
			);
			inputFileListPaths = (
				"${PODS_ROOT}/Target Support Files/Pods-Parking Finder/Pods-Parking Finder-frameworks-${CONFIGURATION}-input-files.xcfilelist",
			);
			name = "[CP] Embed Pods Frameworks";
			outputFileListPaths = (
				"${PODS_ROOT}/Target Support Files/Pods-Parking Finder/Pods-Parking Finder-frameworks-${CONFIGURATION}-output-files.xcfilelist",
			);
			runOnlyForDeploymentPostprocessing = 0;
			shellPath = /bin/sh;
			shellScript = "\"${PODS_ROOT}/Target Support Files/Pods-Parking Finder/Pods-Parking Finder-frameworks.sh\"\n";
			showEnvVarsInLog = 0;
		};
		CD911A25CC5343897E00B673 /* [CP] Check Pods Manifest.lock */ = {
			isa = PBXShellScriptBuildPhase;
			buildActionMask = 2147483647;
			files = (
			);
			inputFileListPaths = (
			);
			inputPaths = (
				"${PODS_PODFILE_DIR_PATH}/Podfile.lock",
				"${PODS_ROOT}/Manifest.lock",
			);
			name = "[CP] Check Pods Manifest.lock";
			outputFileListPaths = (
			);
			outputPaths = (
				"$(DERIVED_FILE_DIR)/Pods-Parking Finder-checkManifestLockResult.txt",
			);
			runOnlyForDeploymentPostprocessing = 0;
			shellPath = /bin/sh;
			shellScript = "diff \"${PODS_PODFILE_DIR_PATH}/Podfile.lock\" \"${PODS_ROOT}/Manifest.lock\" > /dev/null\nif [ $? != 0 ] ; then\n    # print error to STDERR\n    echo \"error: The sandbox is not in sync with the Podfile.lock. Run 'pod install' or update your CocoaPods installation.\" >&2\n    exit 1\nfi\n# This output is used by Xcode 'outputs' to avoid re-running this script phase.\necho \"SUCCESS\" > \"${SCRIPT_OUTPUT_FILE_0}\"\n";
			showEnvVarsInLog = 0;
		};
/* End PBXShellScriptBuildPhase section */

/* Begin PBXSourcesBuildPhase section */
		53717D6825D083350048FDE3 /* Sources */ = {
			isa = PBXSourcesBuildPhase;
			buildActionMask = 2147483647;
			files = (
				531CEEF825DB29A1008CE498 /* createProfileViewController.swift in Sources */,
				53717D7425D083350048FDE3 /* ViewController.swift in Sources */,
				53717D7025D083350048FDE3 /* AppDelegate.swift in Sources */,
				530A7C6D25FA8C8500977084 /* AuthService.swift in Sources */,
				53717D7225D083350048FDE3 /* SceneDelegate.swift in Sources */,
				531CEEFA25DB2EFE008CE498 /* loginViewController.swift in Sources */,
			);
			runOnlyForDeploymentPostprocessing = 0;
		};
		53717D8125D083380048FDE3 /* Sources */ = {
			isa = PBXSourcesBuildPhase;
			buildActionMask = 2147483647;
			files = (
				53717D8A25D083380048FDE3 /* Parking_FinderTests.swift in Sources */,
			);
			runOnlyForDeploymentPostprocessing = 0;
		};
		53717D8C25D083380048FDE3 /* Sources */ = {
			isa = PBXSourcesBuildPhase;
			buildActionMask = 2147483647;
			files = (
				53717D9525D083380048FDE3 /* Parking_FinderUITests.swift in Sources */,
			);
			runOnlyForDeploymentPostprocessing = 0;
		};
/* End PBXSourcesBuildPhase section */

/* Begin PBXTargetDependency section */
		53717D8725D083380048FDE3 /* PBXTargetDependency */ = {
			isa = PBXTargetDependency;
			target = 53717D6B25D083350048FDE3 /* Parking Finder */;
			targetProxy = 53717D8625D083380048FDE3 /* PBXContainerItemProxy */;
		};
		53717D9225D083380048FDE3 /* PBXTargetDependency */ = {
			isa = PBXTargetDependency;
			target = 53717D6B25D083350048FDE3 /* Parking Finder */;
			targetProxy = 53717D9125D083380048FDE3 /* PBXContainerItemProxy */;
		};
/* End PBXTargetDependency section */

/* Begin PBXVariantGroup section */
		53717D7525D083350048FDE3 /* Main.storyboard */ = {
			isa = PBXVariantGroup;
			children = (
				53717D7625D083350048FDE3 /* Base */,
			);
			name = Main.storyboard;
			sourceTree = "<group>";
		};
		53717D7D25D083370048FDE3 /* LaunchScreen.storyboard */ = {
			isa = PBXVariantGroup;
			children = (
				53717D7E25D083370048FDE3 /* Base */,
			);
			name = LaunchScreen.storyboard;
			sourceTree = "<group>";
		};
/* End PBXVariantGroup section */

/* Begin XCBuildConfiguration section */
		53717D9725D083380048FDE3 /* Debug */ = {
			isa = XCBuildConfiguration;
			buildSettings = {
				ALWAYS_SEARCH_USER_PATHS = NO;
				CLANG_ANALYZER_NONNULL = YES;
				CLANG_ANALYZER_NUMBER_OBJECT_CONVERSION = YES_AGGRESSIVE;
				CLANG_CXX_LANGUAGE_STANDARD = "gnu++14";
				CLANG_CXX_LIBRARY = "libc++";
				CLANG_ENABLE_MODULES = YES;
				CLANG_ENABLE_OBJC_ARC = YES;
				CLANG_ENABLE_OBJC_WEAK = YES;
				CLANG_WARN_BLOCK_CAPTURE_AUTORELEASING = YES;
				CLANG_WARN_BOOL_CONVERSION = YES;
				CLANG_WARN_COMMA = YES;
				CLANG_WARN_CONSTANT_CONVERSION = YES;
				CLANG_WARN_DEPRECATED_OBJC_IMPLEMENTATIONS = YES;
				CLANG_WARN_DIRECT_OBJC_ISA_USAGE = YES_ERROR;
				CLANG_WARN_DOCUMENTATION_COMMENTS = YES;
				CLANG_WARN_EMPTY_BODY = YES;
				CLANG_WARN_ENUM_CONVERSION = YES;
				CLANG_WARN_INFINITE_RECURSION = YES;
				CLANG_WARN_INT_CONVERSION = YES;
				CLANG_WARN_NON_LITERAL_NULL_CONVERSION = YES;
				CLANG_WARN_OBJC_IMPLICIT_RETAIN_SELF = YES;
				CLANG_WARN_OBJC_LITERAL_CONVERSION = YES;
				CLANG_WARN_OBJC_ROOT_CLASS = YES_ERROR;
				CLANG_WARN_QUOTED_INCLUDE_IN_FRAMEWORK_HEADER = YES;
				CLANG_WARN_RANGE_LOOP_ANALYSIS = YES;
				CLANG_WARN_STRICT_PROTOTYPES = YES;
				CLANG_WARN_SUSPICIOUS_MOVE = YES;
				CLANG_WARN_UNGUARDED_AVAILABILITY = YES_AGGRESSIVE;
				CLANG_WARN_UNREACHABLE_CODE = YES;
				CLANG_WARN__DUPLICATE_METHOD_MATCH = YES;
				COPY_PHASE_STRIP = NO;
				DEBUG_INFORMATION_FORMAT = dwarf;
				ENABLE_STRICT_OBJC_MSGSEND = YES;
				ENABLE_TESTABILITY = YES;
				GCC_C_LANGUAGE_STANDARD = gnu11;
				GCC_DYNAMIC_NO_PIC = NO;
				GCC_NO_COMMON_BLOCKS = YES;
				GCC_OPTIMIZATION_LEVEL = 0;
				GCC_PREPROCESSOR_DEFINITIONS = (
					"DEBUG=1",
					"$(inherited)",
				);
				GCC_WARN_64_TO_32_BIT_CONVERSION = YES;
				GCC_WARN_ABOUT_RETURN_TYPE = YES_ERROR;
				GCC_WARN_UNDECLARED_SELECTOR = YES;
				GCC_WARN_UNINITIALIZED_AUTOS = YES_AGGRESSIVE;
				GCC_WARN_UNUSED_FUNCTION = YES;
				GCC_WARN_UNUSED_VARIABLE = YES;
				IPHONEOS_DEPLOYMENT_TARGET = 14.4;
				MTL_ENABLE_DEBUG_INFO = INCLUDE_SOURCE;
				MTL_FAST_MATH = YES;
				ONLY_ACTIVE_ARCH = YES;
				SDKROOT = iphoneos;
				SWIFT_ACTIVE_COMPILATION_CONDITIONS = DEBUG;
				SWIFT_OPTIMIZATION_LEVEL = "-Onone";
				VALIDATE_PRODUCT = YES;
			};
			name = Debug;
		};
		53717D9825D083380048FDE3 /* Release */ = {
			isa = XCBuildConfiguration;
			buildSettings = {
				ALWAYS_SEARCH_USER_PATHS = NO;
				CLANG_ANALYZER_NONNULL = YES;
				CLANG_ANALYZER_NUMBER_OBJECT_CONVERSION = YES_AGGRESSIVE;
				CLANG_CXX_LANGUAGE_STANDARD = "gnu++14";
				CLANG_CXX_LIBRARY = "libc++";
				CLANG_ENABLE_MODULES = YES;
				CLANG_ENABLE_OBJC_ARC = YES;
				CLANG_ENABLE_OBJC_WEAK = YES;
				CLANG_WARN_BLOCK_CAPTURE_AUTORELEASING = YES;
				CLANG_WARN_BOOL_CONVERSION = YES;
				CLANG_WARN_COMMA = YES;
				CLANG_WARN_CONSTANT_CONVERSION = YES;
				CLANG_WARN_DEPRECATED_OBJC_IMPLEMENTATIONS = YES;
				CLANG_WARN_DIRECT_OBJC_ISA_USAGE = YES_ERROR;
				CLANG_WARN_DOCUMENTATION_COMMENTS = YES;
				CLANG_WARN_EMPTY_BODY = YES;
				CLANG_WARN_ENUM_CONVERSION = YES;
				CLANG_WARN_INFINITE_RECURSION = YES;
				CLANG_WARN_INT_CONVERSION = YES;
				CLANG_WARN_NON_LITERAL_NULL_CONVERSION = YES;
				CLANG_WARN_OBJC_IMPLICIT_RETAIN_SELF = YES;
				CLANG_WARN_OBJC_LITERAL_CONVERSION = YES;
				CLANG_WARN_OBJC_ROOT_CLASS = YES_ERROR;
				CLANG_WARN_QUOTED_INCLUDE_IN_FRAMEWORK_HEADER = YES;
				CLANG_WARN_RANGE_LOOP_ANALYSIS = YES;
				CLANG_WARN_STRICT_PROTOTYPES = YES;
				CLANG_WARN_SUSPICIOUS_MOVE = YES;
				CLANG_WARN_UNGUARDED_AVAILABILITY = YES_AGGRESSIVE;
				CLANG_WARN_UNREACHABLE_CODE = YES;
				CLANG_WARN__DUPLICATE_METHOD_MATCH = YES;
				COPY_PHASE_STRIP = NO;
				DEBUG_INFORMATION_FORMAT = "dwarf-with-dsym";
				ENABLE_NS_ASSERTIONS = NO;
				ENABLE_STRICT_OBJC_MSGSEND = YES;
				ENABLE_TESTABILITY = YES;
				GCC_C_LANGUAGE_STANDARD = gnu11;
				GCC_NO_COMMON_BLOCKS = YES;
				GCC_WARN_64_TO_32_BIT_CONVERSION = YES;
				GCC_WARN_ABOUT_RETURN_TYPE = YES_ERROR;
				GCC_WARN_UNDECLARED_SELECTOR = YES;
				GCC_WARN_UNINITIALIZED_AUTOS = YES_AGGRESSIVE;
				GCC_WARN_UNUSED_FUNCTION = YES;
				GCC_WARN_UNUSED_VARIABLE = YES;
				IPHONEOS_DEPLOYMENT_TARGET = 14.4;
				MTL_ENABLE_DEBUG_INFO = NO;
				MTL_FAST_MATH = YES;
				SDKROOT = iphoneos;
				SWIFT_COMPILATION_MODE = wholemodule;
				SWIFT_OPTIMIZATION_LEVEL = "-O";
				VALIDATE_PRODUCT = YES;
			};
			name = Release;
		};
		53717D9A25D083380048FDE3 /* Debug */ = {
			isa = XCBuildConfiguration;
			baseConfigurationReference = 603B408D958A944F69022EEB /* Pods-Parking Finder.debug.xcconfig */;
			buildSettings = {
				ASSETCATALOG_COMPILER_APPICON_NAME = AppIcon;
				ASSETCATALOG_COMPILER_GLOBAL_ACCENT_COLOR_NAME = AccentColor;
				CODE_SIGN_STYLE = Automatic;
				INFOPLIST_FILE = "Parking Finder/Info.plist";
				LD_RUNPATH_SEARCH_PATHS = (
					"$(inherited)",
					"@executable_path/Frameworks",
				);
				PRODUCT_BUNDLE_IDENTIFIER = "WSU-4110.Parking-Finder";
				PRODUCT_NAME = "$(TARGET_NAME)";
				SWIFT_VERSION = 5.0;
				TARGETED_DEVICE_FAMILY = "1,2";
			};
			name = Debug;
		};
		53717D9B25D083380048FDE3 /* Release */ = {
			isa = XCBuildConfiguration;
			baseConfigurationReference = 5D46454C86777563C1933A3A /* Pods-Parking Finder.release.xcconfig */;
			buildSettings = {
				ASSETCATALOG_COMPILER_APPICON_NAME = AppIcon;
				ASSETCATALOG_COMPILER_GLOBAL_ACCENT_COLOR_NAME = AccentColor;
				CODE_SIGN_STYLE = Automatic;
				INFOPLIST_FILE = "Parking Finder/Info.plist";
				LD_RUNPATH_SEARCH_PATHS = (
					"$(inherited)",
					"@executable_path/Frameworks",
				);
				PRODUCT_BUNDLE_IDENTIFIER = "WSU-4110.Parking-Finder";
				PRODUCT_NAME = "$(TARGET_NAME)";
				SWIFT_VERSION = 5.0;
				TARGETED_DEVICE_FAMILY = "1,2";
			};
			name = Release;
		};
		53717D9D25D083380048FDE3 /* Debug */ = {
			isa = XCBuildConfiguration;
			buildSettings = {
				ALWAYS_EMBED_SWIFT_STANDARD_LIBRARIES = YES;
				BUNDLE_LOADER = "$(TEST_HOST)";
				CODE_SIGN_STYLE = Automatic;
				INFOPLIST_FILE = "Parking FinderTests/Info.plist";
				IPHONEOS_DEPLOYMENT_TARGET = 14.4;
				LD_RUNPATH_SEARCH_PATHS = (
					"$(inherited)",
					"@executable_path/Frameworks",
					"@loader_path/Frameworks",
				);
				PRODUCT_BUNDLE_IDENTIFIER = "WSU-4110.Parking-FinderTests";
				PRODUCT_NAME = "$(TARGET_NAME)";
				SWIFT_VERSION = 5.0;
				TARGETED_DEVICE_FAMILY = "1,2";
				TEST_HOST = "$(BUILT_PRODUCTS_DIR)/Parking Finder.app/Parking Finder";
			};
			name = Debug;
		};
		53717D9E25D083380048FDE3 /* Release */ = {
			isa = XCBuildConfiguration;
			buildSettings = {
				ALWAYS_EMBED_SWIFT_STANDARD_LIBRARIES = YES;
				BUNDLE_LOADER = "$(TEST_HOST)";
				CODE_SIGN_STYLE = Automatic;
				INFOPLIST_FILE = "Parking FinderTests/Info.plist";
				IPHONEOS_DEPLOYMENT_TARGET = 14.4;
				LD_RUNPATH_SEARCH_PATHS = (
					"$(inherited)",
					"@executable_path/Frameworks",
					"@loader_path/Frameworks",
				);
				PRODUCT_BUNDLE_IDENTIFIER = "WSU-4110.Parking-FinderTests";
				PRODUCT_NAME = "$(TARGET_NAME)";
				SWIFT_VERSION = 5.0;
				TARGETED_DEVICE_FAMILY = "1,2";
				TEST_HOST = "$(BUILT_PRODUCTS_DIR)/Parking Finder.app/Parking Finder";
			};
			name = Release;
		};
		53717DA025D083380048FDE3 /* Debug */ = {
			isa = XCBuildConfiguration;
			buildSettings = {
				ALWAYS_EMBED_SWIFT_STANDARD_LIBRARIES = YES;
				CODE_SIGN_STYLE = Automatic;
				INFOPLIST_FILE = "Parking FinderUITests/Info.plist";
				LD_RUNPATH_SEARCH_PATHS = (
					"$(inherited)",
					"@executable_path/Frameworks",
					"@loader_path/Frameworks",
				);
				PRODUCT_BUNDLE_IDENTIFIER = "WSU-4110.Parking-FinderUITests";
				PRODUCT_NAME = "$(TARGET_NAME)";
				SWIFT_VERSION = 5.0;
				TARGETED_DEVICE_FAMILY = "1,2";
				TEST_TARGET_NAME = "Parking Finder";
			};
			name = Debug;
		};
		53717DA125D083380048FDE3 /* Release */ = {
			isa = XCBuildConfiguration;
			buildSettings = {
				ALWAYS_EMBED_SWIFT_STANDARD_LIBRARIES = YES;
				CODE_SIGN_STYLE = Automatic;
				INFOPLIST_FILE = "Parking FinderUITests/Info.plist";
				LD_RUNPATH_SEARCH_PATHS = (
					"$(inherited)",
					"@executable_path/Frameworks",
					"@loader_path/Frameworks",
				);
				PRODUCT_BUNDLE_IDENTIFIER = "WSU-4110.Parking-FinderUITests";
				PRODUCT_NAME = "$(TARGET_NAME)";
				SWIFT_VERSION = 5.0;
				TARGETED_DEVICE_FAMILY = "1,2";
				TEST_TARGET_NAME = "Parking Finder";
			};
			name = Release;
		};
/* End XCBuildConfiguration section */

/* Begin XCConfigurationList section */
		53717D6725D083350048FDE3 /* Build configuration list for PBXProject "Parking Finder" */ = {
			isa = XCConfigurationList;
			buildConfigurations = (
				53717D9725D083380048FDE3 /* Debug */,
				53717D9825D083380048FDE3 /* Release */,
			);
			defaultConfigurationIsVisible = 0;
			defaultConfigurationName = Release;
		};
		53717D9925D083380048FDE3 /* Build configuration list for PBXNativeTarget "Parking Finder" */ = {
			isa = XCConfigurationList;
			buildConfigurations = (
				53717D9A25D083380048FDE3 /* Debug */,
				53717D9B25D083380048FDE3 /* Release */,
			);
			defaultConfigurationIsVisible = 0;
			defaultConfigurationName = Release;
		};
		53717D9C25D083380048FDE3 /* Build configuration list for PBXNativeTarget "Parking FinderTests" */ = {
			isa = XCConfigurationList;
			buildConfigurations = (
				53717D9D25D083380048FDE3 /* Debug */,
				53717D9E25D083380048FDE3 /* Release */,
			);
			defaultConfigurationIsVisible = 0;
			defaultConfigurationName = Release;
		};
		53717D9F25D083380048FDE3 /* Build configuration list for PBXNativeTarget "Parking FinderUITests" */ = {
			isa = XCConfigurationList;
			buildConfigurations = (
				53717DA025D083380048FDE3 /* Debug */,
				53717DA125D083380048FDE3 /* Release */,
			);
			defaultConfigurationIsVisible = 0;
			defaultConfigurationName = Release;
		};
/* End XCConfigurationList section */
	};
	rootObject = 53717D6425D083350048FDE3 /* Project object */;
}
